# THIS IS AN AUTOGENERATED FILE. DO NOT EDIT THIS FILE DIRECTLY.
# yarn lockfile v1


"@pythnetwork/entropy-sdk-solidity@^1.5.0":
  version "1.5.0"
  resolved "https://registry.yarnpkg.com/@pythnetwork/entropy-sdk-solidity/-/entropy-sdk-solidity-1.5.0.tgz#fcb2d4ee9124b0de4a7ceb386779ca50d5a61f18"
  integrity sha512-ZZti5BLURe4w0HtCwy2qGJayOtAcWjjfpnUsar6fHZPG2SkC3jfj13m9WBJKLk87T1ZaSpazAdb22pm6MXG8qg==
